// !$*UTF8*$!
{
	archiveVersion = 1;
	classes = {
	};
	objectVersion = 50;
	objects = {

/* Begin PBXBuildFile section */
		49204737298D194D003AFB3D /* WorldOfPAYBACKTests.swift in Sources */ = {isa = PBXBuildFile; fileRef = 49204736298D194D003AFB3D /* WorldOfPAYBACKTests.swift */; };
		493E82B7298A7E2D00D64817 /* Localizable.strings in Resources */ = {isa = PBXBuildFile; fileRef = 493E82B9298A7E2D00D64817 /* Localizable.strings */; };
		49B1764A2989B749007ED99F /* WorldOfPAYBACKApp.swift in Sources */ = {isa = PBXBuildFile; fileRef = 49B176492989B749007ED99F /* WorldOfPAYBACKApp.swift */; };
		49B1764C2989B749007ED99F /* ContentView.swift in Sources */ = {isa = PBXBuildFile; fileRef = 49B1764B2989B749007ED99F /* ContentView.swift */; };
		49B1764E2989B755007ED99F /* Assets.xcassets in Resources */ = {isa = PBXBuildFile; fileRef = 49B1764D2989B755007ED99F /* Assets.xcassets */; };
		49B176512989B755007ED99F /* Preview Assets.xcassets in Resources */ = {isa = PBXBuildFile; fileRef = 49B176502989B755007ED99F /* Preview Assets.xcassets */; };
		49B1765B2989BA3D007ED99F /* NetworkReachability.swift in Sources */ = {isa = PBXBuildFile; fileRef = 49B1765A2989BA3D007ED99F /* NetworkReachability.swift */; };
		49B176602989BA75007ED99F /* NetworkServince.swift in Sources */ = {isa = PBXBuildFile; fileRef = 49B1765F2989BA75007ED99F /* NetworkServince.swift */; };
		49B176642989BAD1007ED99F /* TransactionsViewModel.swift in Sources */ = {isa = PBXBuildFile; fileRef = 49B176632989BAD1007ED99F /* TransactionsViewModel.swift */; };
		49B176682989BB08007ED99F /* TransactionsModel.swift in Sources */ = {isa = PBXBuildFile; fileRef = 49B176672989BB08007ED99F /* TransactionsModel.swift */; };
		49B1766F2989BB73007ED99F /* PBTransactions.json in Resources */ = {isa = PBXBuildFile; fileRef = 49B1766E2989BB73007ED99F /* PBTransactions.json */; };
		49B176732989BBB4007ED99F /* TransactionView.swift in Sources */ = {isa = PBXBuildFile; fileRef = 49B176722989BBB4007ED99F /* TransactionView.swift */; };
		49B176762989BBD9007ED99F /* TransactionDetailView.swift in Sources */ = {isa = PBXBuildFile; fileRef = 49B176752989BBD9007ED99F /* TransactionDetailView.swift */; };
		49B176792989BC32007ED99F /* CustomMenu.swift in Sources */ = {isa = PBXBuildFile; fileRef = 49B176782989BC32007ED99F /* CustomMenu.swift */; };
		49B1767C2989BC64007ED99F /* FloatingActionButton.swift in Sources */ = {isa = PBXBuildFile; fileRef = 49B1767B2989BC64007ED99F /* FloatingActionButton.swift */; };
		49B1767F2989BC90007ED99F /* HomeView.swift in Sources */ = {isa = PBXBuildFile; fileRef = 49B1767E2989BC90007ED99F /* HomeView.swift */; };
		49B176822989BCB7007ED99F /* NoNetworkView.swift in Sources */ = {isa = PBXBuildFile; fileRef = 49B176812989BCB7007ED99F /* NoNetworkView.swift */; };
		49B176862989BD7C007ED99F /* ToastView.swift in Sources */ = {isa = PBXBuildFile; fileRef = 49B176852989BD7C007ED99F /* ToastView.swift */; };
/* End PBXBuildFile section */

/* Begin PBXContainerItemProxy section */
		49204739298D194D003AFB3D /* PBXContainerItemProxy */ = {
			isa = PBXContainerItemProxy;
			containerPortal = 49B1763E2989B748007ED99F /* Project object */;
			proxyType = 1;
			remoteGlobalIDString = 49B176452989B749007ED99F;
			remoteInfo = WorldOfPAYBACK;
		};
/* End PBXContainerItemProxy section */

/* Begin PBXFileReference section */
		49204734298D194D003AFB3D /* WorldOfPAYBACKTests.xctest */ = {isa = PBXFileReference; explicitFileType = wrapper.cfbundle; includeInIndex = 0; path = WorldOfPAYBACKTests.xctest; sourceTree = BUILT_PRODUCTS_DIR; };
		49204736298D194D003AFB3D /* WorldOfPAYBACKTests.swift */ = {isa = PBXFileReference; lastKnownFileType = sourcecode.swift; path = WorldOfPAYBACKTests.swift; sourceTree = "<group>"; };
		49204738298D194D003AFB3D /* Info.plist */ = {isa = PBXFileReference; lastKnownFileType = text.plist.xml; path = Info.plist; sourceTree = "<group>"; };
		493E82B8298A7E2D00D64817 /* en */ = {isa = PBXFileReference; lastKnownFileType = text.plist.strings; name = en; path = en.lproj/Localizable.strings; sourceTree = "<group>"; };
		493E82BB298A7E3900D64817 /* de */ = {isa = PBXFileReference; lastKnownFileType = text.plist.strings; name = de; path = de.lproj/Localizable.strings; sourceTree = "<group>"; };
		49B176462989B749007ED99F /* WorldOfPAYBACK.app */ = {isa = PBXFileReference; explicitFileType = wrapper.application; includeInIndex = 0; path = WorldOfPAYBACK.app; sourceTree = BUILT_PRODUCTS_DIR; };
		49B176492989B749007ED99F /* WorldOfPAYBACKApp.swift */ = {isa = PBXFileReference; lastKnownFileType = sourcecode.swift; path = WorldOfPAYBACKApp.swift; sourceTree = "<group>"; };
		49B1764B2989B749007ED99F /* ContentView.swift */ = {isa = PBXFileReference; lastKnownFileType = sourcecode.swift; path = ContentView.swift; sourceTree = "<group>"; };
		49B1764D2989B755007ED99F /* Assets.xcassets */ = {isa = PBXFileReference; lastKnownFileType = folder.assetcatalog; path = Assets.xcassets; sourceTree = "<group>"; };
		49B176502989B755007ED99F /* Preview Assets.xcassets */ = {isa = PBXFileReference; lastKnownFileType = folder.assetcatalog; path = "Preview Assets.xcassets"; sourceTree = "<group>"; };
		49B176522989B755007ED99F /* Info.plist */ = {isa = PBXFileReference; lastKnownFileType = text.plist.xml; path = Info.plist; sourceTree = "<group>"; };
		49B1765A2989BA3D007ED99F /* NetworkReachability.swift */ = {isa = PBXFileReference; lastKnownFileType = sourcecode.swift; path = NetworkReachability.swift; sourceTree = "<group>"; };
		49B1765F2989BA75007ED99F /* NetworkServince.swift */ = {isa = PBXFileReference; lastKnownFileType = sourcecode.swift; path = NetworkServince.swift; sourceTree = "<group>"; };
		49B176632989BAD1007ED99F /* TransactionsViewModel.swift */ = {isa = PBXFileReference; lastKnownFileType = sourcecode.swift; path = TransactionsViewModel.swift; sourceTree = "<group>"; };
		49B176672989BB08007ED99F /* TransactionsModel.swift */ = {isa = PBXFileReference; lastKnownFileType = sourcecode.swift; path = TransactionsModel.swift; sourceTree = "<group>"; };
		49B1766E2989BB73007ED99F /* PBTransactions.json */ = {isa = PBXFileReference; lastKnownFileType = text.json; path = PBTransactions.json; sourceTree = "<group>"; };
		49B176722989BBB4007ED99F /* TransactionView.swift */ = {isa = PBXFileReference; lastKnownFileType = sourcecode.swift; path = TransactionView.swift; sourceTree = "<group>"; };
		49B176752989BBD9007ED99F /* TransactionDetailView.swift */ = {isa = PBXFileReference; lastKnownFileType = sourcecode.swift; path = TransactionDetailView.swift; sourceTree = "<group>"; };
		49B176782989BC32007ED99F /* CustomMenu.swift */ = {isa = PBXFileReference; lastKnownFileType = sourcecode.swift; path = CustomMenu.swift; sourceTree = "<group>"; };
		49B1767B2989BC64007ED99F /* FloatingActionButton.swift */ = {isa = PBXFileReference; lastKnownFileType = sourcecode.swift; path = FloatingActionButton.swift; sourceTree = "<group>"; };
		49B1767E2989BC90007ED99F /* HomeView.swift */ = {isa = PBXFileReference; lastKnownFileType = sourcecode.swift; path = HomeView.swift; sourceTree = "<group>"; };
		49B176812989BCB7007ED99F /* NoNetworkView.swift */ = {isa = PBXFileReference; lastKnownFileType = sourcecode.swift; path = NoNetworkView.swift; sourceTree = "<group>"; };
		49B176852989BD7C007ED99F /* ToastView.swift */ = {isa = PBXFileReference; lastKnownFileType = sourcecode.swift; path = ToastView.swift; sourceTree = "<group>"; };
/* End PBXFileReference section */

/* Begin PBXFrameworksBuildPhase section */
		49204731298D194D003AFB3D /* Frameworks */ = {
			isa = PBXFrameworksBuildPhase;
			buildActionMask = 2147483647;
			files = (
			);
			runOnlyForDeploymentPostprocessing = 0;
		};
		49B176432989B749007ED99F /* Frameworks */ = {
			isa = PBXFrameworksBuildPhase;
			buildActionMask = 2147483647;
			files = (
			);
			runOnlyForDeploymentPostprocessing = 0;
		};
/* End PBXFrameworksBuildPhase section */

/* Begin PBXGroup section */
		49204735298D194D003AFB3D /* WorldOfPAYBACKTests */ = {
			isa = PBXGroup;
			children = (
				49204736298D194D003AFB3D /* WorldOfPAYBACKTests.swift */,
				49204738298D194D003AFB3D /* Info.plist */,
			);
			path = WorldOfPAYBACKTests;
			sourceTree = "<group>";
		};
		49B1763D2989B748007ED99F = {
			isa = PBXGroup;
			children = (
				49B176482989B749007ED99F /* WorldOfPAYBACK */,
				49204735298D194D003AFB3D /* WorldOfPAYBACKTests */,
				49B176472989B749007ED99F /* Products */,
			);
			sourceTree = "<group>";
		};
		49B176472989B749007ED99F /* Products */ = {
			isa = PBXGroup;
			children = (
				49B176462989B749007ED99F /* WorldOfPAYBACK.app */,
				49204734298D194D003AFB3D /* WorldOfPAYBACKTests.xctest */,
			);
			name = Products;
			sourceTree = "<group>";
		};
		49B176482989B749007ED99F /* WorldOfPAYBACK */ = {
			isa = PBXGroup;
			children = (
				49B176492989B749007ED99F /* WorldOfPAYBACKApp.swift */,
				49B176662989BAFB007ED99F /* Models */,
				49B1766B2989BB3F007ED99F /* Views */,
				49B176592989BA30007ED99F /* ViewModels */,
				49B1765E2989BA6B007ED99F /* Services */,
				49B1766D2989BB4E007ED99F /* SupportingFiles */,
				49B1764F2989B755007ED99F /* Preview Content */,
			);
			path = WorldOfPAYBACK;
			sourceTree = "<group>";
		};
		49B1764F2989B755007ED99F /* Preview Content */ = {
			isa = PBXGroup;
			children = (
				49B176502989B755007ED99F /* Preview Assets.xcassets */,
			);
			path = "Preview Content";
			sourceTree = "<group>";
		};
		49B176592989BA30007ED99F /* ViewModels */ = {
			isa = PBXGroup;
			children = (
				49B1765A2989BA3D007ED99F /* NetworkReachability.swift */,
				49B176632989BAD1007ED99F /* TransactionsViewModel.swift */,
			);
			path = ViewModels;
			sourceTree = "<group>";
		};
		49B1765E2989BA6B007ED99F /* Services */ = {
			isa = PBXGroup;
			children = (
				49B1765F2989BA75007ED99F /* NetworkServince.swift */,
			);
			path = Services;
			sourceTree = "<group>";
		};
		49B176662989BAFB007ED99F /* Models */ = {
			isa = PBXGroup;
			children = (
				49B176672989BB08007ED99F /* TransactionsModel.swift */,
			);
			path = Models;
			sourceTree = "<group>";
		};
		49B1766B2989BB3F007ED99F /* Views */ = {
			isa = PBXGroup;
			children = (
				49B1764B2989B749007ED99F /* ContentView.swift */,
				49B176722989BBB4007ED99F /* TransactionView.swift */,
				49B176752989BBD9007ED99F /* TransactionDetailView.swift */,
				49B176782989BC32007ED99F /* CustomMenu.swift */,
				49B1767B2989BC64007ED99F /* FloatingActionButton.swift */,
				49B1767E2989BC90007ED99F /* HomeView.swift */,
				49B176812989BCB7007ED99F /* NoNetworkView.swift */,
				49B176852989BD7C007ED99F /* ToastView.swift */,
			);
			path = Views;
			sourceTree = "<group>";
		};
		49B1766D2989BB4E007ED99F /* SupportingFiles */ = {
			isa = PBXGroup;
			children = (
				49B1764D2989B755007ED99F /* Assets.xcassets */,
				49B176522989B755007ED99F /* Info.plist */,
				49B1766E2989BB73007ED99F /* PBTransactions.json */,
				493E82B9298A7E2D00D64817 /* Localizable.strings */,
			);
			path = SupportingFiles;
			sourceTree = "<group>";
		};
/* End PBXGroup section */

/* Begin PBXNativeTarget section */
		49204733298D194D003AFB3D /* WorldOfPAYBACKTests */ = {
			isa = PBXNativeTarget;
			buildConfigurationList = 4920473D298D194D003AFB3D /* Build configuration list for PBXNativeTarget "WorldOfPAYBACKTests" */;
			buildPhases = (
				49204730298D194D003AFB3D /* Sources */,
				49204731298D194D003AFB3D /* Frameworks */,
				49204732298D194D003AFB3D /* Resources */,
			);
			buildRules = (
			);
			dependencies = (
				4920473A298D194D003AFB3D /* PBXTargetDependency */,
			);
			name = WorldOfPAYBACKTests;
			productName = WorldOfPAYBACKTests;
			productReference = 49204734298D194D003AFB3D /* WorldOfPAYBACKTests.xctest */;
			productType = "com.apple.product-type.bundle.unit-test";
		};
		49B176452989B749007ED99F /* WorldOfPAYBACK */ = {
			isa = PBXNativeTarget;
			buildConfigurationList = 49B176552989B755007ED99F /* Build configuration list for PBXNativeTarget "WorldOfPAYBACK" */;
			buildPhases = (
				49B176422989B749007ED99F /* Sources */,
				49B176432989B749007ED99F /* Frameworks */,
				49B176442989B749007ED99F /* Resources */,
			);
			buildRules = (
			);
			dependencies = (
			);
			name = WorldOfPAYBACK;
			productName = WorldOfPAYBACK;
			productReference = 49B176462989B749007ED99F /* WorldOfPAYBACK.app */;
			productType = "com.apple.product-type.application";
		};
/* End PBXNativeTarget section */

/* Begin PBXProject section */
		49B1763E2989B748007ED99F /* Project object */ = {
			isa = PBXProject;
			attributes = {
				LastSwiftUpdateCheck = 1240;
				LastUpgradeCheck = 1240;
				TargetAttributes = {
					49204733298D194D003AFB3D = {
						CreatedOnToolsVersion = 12.4;
						TestTargetID = 49B176452989B749007ED99F;
					};
					49B176452989B749007ED99F = {
						CreatedOnToolsVersion = 12.4;
					};
				};
			};
			buildConfigurationList = 49B176412989B748007ED99F /* Build configuration list for PBXProject "WorldOfPAYBACK" */;
			compatibilityVersion = "Xcode 9.3";
			developmentRegion = en;
			hasScannedForEncodings = 0;
			knownRegions = (
				en,
				Base,
				de,
			);
			mainGroup = 49B1763D2989B748007ED99F;
			productRefGroup = 49B176472989B749007ED99F /* Products */;
			projectDirPath = "";
			projectRoot = "";
			targets = (
				49B176452989B749007ED99F /* WorldOfPAYBACK */,
				49204733298D194D003AFB3D /* WorldOfPAYBACKTests */,
			);
		};
/* End PBXProject section */

/* Begin PBXResourcesBuildPhase section */
		49204732298D194D003AFB3D /* Resources */ = {
			isa = PBXResourcesBuildPhase;
			buildActionMask = 2147483647;
			files = (
			);
			runOnlyForDeploymentPostprocessing = 0;
		};
		49B176442989B749007ED99F /* Resources */ = {
			isa = PBXResourcesBuildPhase;
			buildActionMask = 2147483647;
			files = (
				49B176512989B755007ED99F /* Preview Assets.xcassets in Resources */,
				493E82B7298A7E2D00D64817 /* Localizable.strings in Resources */,
				49B1766F2989BB73007ED99F /* PBTransactions.json in Resources */,
				49B1764E2989B755007ED99F /* Assets.xcassets in Resources */,
			);
			runOnlyForDeploymentPostprocessing = 0;
		};
/* End PBXResourcesBuildPhase section */

/* Begin PBXSourcesBuildPhase section */
		49204730298D194D003AFB3D /* Sources */ = {
			isa = PBXSourcesBuildPhase;
			buildActionMask = 2147483647;
			files = (
				49204737298D194D003AFB3D /* WorldOfPAYBACKTests.swift in Sources */,
			);
			runOnlyForDeploymentPostprocessing = 0;
		};
		49B176422989B749007ED99F /* Sources */ = {
			isa = PBXSourcesBuildPhase;
			buildActionMask = 2147483647;
			files = (
				49B176792989BC32007ED99F /* CustomMenu.swift in Sources */,
				49B1764C2989B749007ED99F /* ContentView.swift in Sources */,
				49B176602989BA75007ED99F /* NetworkServince.swift in Sources */,
				49B176762989BBD9007ED99F /* TransactionDetailView.swift in Sources */,
				49B1764A2989B749007ED99F /* WorldOfPAYBACKApp.swift in Sources */,
				49B1767F2989BC90007ED99F /* HomeView.swift in Sources */,
				49B1765B2989BA3D007ED99F /* NetworkReachability.swift in Sources */,
				49B176862989BD7C007ED99F /* ToastView.swift in Sources */,
				49B176682989BB08007ED99F /* TransactionsModel.swift in Sources */,
				49B176822989BCB7007ED99F /* NoNetworkView.swift in Sources */,
				49B1767C2989BC64007ED99F /* FloatingActionButton.swift in Sources */,
				49B176732989BBB4007ED99F /* TransactionView.swift in Sources */,
				49B176642989BAD1007ED99F /* TransactionsViewModel.swift in Sources */,
			);
			runOnlyForDeploymentPostprocessing = 0;
		};
/* End PBXSourcesBuildPhase section */

/* Begin PBXTargetDependency section */
		4920473A298D194D003AFB3D /* PBXTargetDependency */ = {
			isa = PBXTargetDependency;
			target = 49B176452989B749007ED99F /* WorldOfPAYBACK */;
			targetProxy = 49204739298D194D003AFB3D /* PBXContainerItemProxy */;
		};
/* End PBXTargetDependency section */

/* Begin PBXVariantGroup section */
		493E82B9298A7E2D00D64817 /* Localizable.strings */ = {
			isa = PBXVariantGroup;
			children = (
				493E82B8298A7E2D00D64817 /* en */,
				493E82BB298A7E3900D64817 /* de */,
			);
			name = Localizable.strings;
			sourceTree = "<group>";
		};
/* End PBXVariantGroup section */

/* Begin XCBuildConfiguration section */
		4920473B298D194D003AFB3D /* Debug */ = {
			isa = XCBuildConfiguration;
			buildSettings = {
				BUNDLE_LOADER = "$(TEST_HOST)";
				CODE_SIGN_STYLE = Automatic;
				INFOPLIST_FILE = WorldOfPAYBACKTests/Info.plist;
				LD_RUNPATH_SEARCH_PATHS = (
					"$(inherited)",
					"@executable_path/Frameworks",
					"@loader_path/Frameworks",
				);
				PRODUCT_BUNDLE_IDENTIFIER = com.TheAlienMann.WorldOfPAYBACKTests;
				PRODUCT_NAME = "$(TARGET_NAME)";
				SWIFT_VERSION = 5.0;
				TARGETED_DEVICE_FAMILY = "1,2";
				TEST_HOST = "$(BUILT_PRODUCTS_DIR)/WorldOfPAYBACK.app/WorldOfPAYBACK";
			};
			name = Debug;
		};
		4920473C298D194D003AFB3D /* Release */ = {
			isa = XCBuildConfiguration;
			buildSettings = {
				BUNDLE_LOADER = "$(TEST_HOST)";
				CODE_SIGN_STYLE = Automatic;
				INFOPLIST_FILE = WorldOfPAYBACKTests/Info.plist;
				LD_RUNPATH_SEARCH_PATHS = (
					"$(inherited)",
					"@executable_path/Frameworks",
					"@loader_path/Frameworks",
				);
				PRODUCT_BUNDLE_IDENTIFIER = com.TheAlienMann.WorldOfPAYBACKTests;
				PRODUCT_NAME = "$(TARGET_NAME)";
				SWIFT_VERSION = 5.0;
				TARGETED_DEVICE_FAMILY = "1,2";
				TEST_HOST = "$(BUILT_PRODUCTS_DIR)/WorldOfPAYBACK.app/WorldOfPAYBACK";
			};
			name = Release;
		};
		49B176532989B755007ED99F /* Debug */ = {
			isa = XCBuildConfiguration;
			buildSettings = {
				ALWAYS_SEARCH_USER_PATHS = NO;
				CLANG_ANALYZER_LOCALIZABILITY_NONLOCALIZED = YES;
				CLANG_ANALYZER_NONNULL = YES;
				CLANG_ANALYZER_NUMBER_OBJECT_CONVERSION = YES_AGGRESSIVE;
				CLANG_CXX_LANGUAGE_STANDARD = "gnu++14";
				CLANG_CXX_LIBRARY = "libc++";
				CLANG_ENABLE_MODULES = YES;
				CLANG_ENABLE_OBJC_ARC = YES;
				CLANG_ENABLE_OBJC_WEAK = YES;
				CLANG_WARN_BLOCK_CAPTURE_AUTORELEASING = YES;
				CLANG_WARN_BOOL_CONVERSION = YES;
				CLANG_WARN_COMMA = YES;
				CLANG_WARN_CONSTANT_CONVERSION = YES;
				CLANG_WARN_DEPRECATED_OBJC_IMPLEMENTATIONS = YES;
				CLANG_WARN_DIRECT_OBJC_ISA_USAGE = YES_ERROR;
				CLANG_WARN_DOCUMENTATION_COMMENTS = YES;
				CLANG_WARN_EMPTY_BODY = YES;
				CLANG_WARN_ENUM_CONVERSION = YES;
				CLANG_WARN_INFINITE_RECURSION = YES;
				CLANG_WARN_INT_CONVERSION = YES;
				CLANG_WARN_NON_LITERAL_NULL_CONVERSION = YES;
				CLANG_WARN_OBJC_IMPLICIT_RETAIN_SELF = YES;
				CLANG_WARN_OBJC_LITERAL_CONVERSION = YES;
				CLANG_WARN_OBJC_ROOT_CLASS = YES_ERROR;
				CLANG_WARN_QUOTED_INCLUDE_IN_FRAMEWORK_HEADER = YES;
				CLANG_WARN_RANGE_LOOP_ANALYSIS = YES;
				CLANG_WARN_STRICT_PROTOTYPES = YES;
				CLANG_WARN_SUSPICIOUS_MOVE = YES;
				CLANG_WARN_UNGUARDED_AVAILABILITY = YES_AGGRESSIVE;
				CLANG_WARN_UNREACHABLE_CODE = YES;
				CLANG_WARN__DUPLICATE_METHOD_MATCH = YES;
				COPY_PHASE_STRIP = NO;
				DEBUG_INFORMATION_FORMAT = dwarf;
				ENABLE_STRICT_OBJC_MSGSEND = YES;
				ENABLE_TESTABILITY = YES;
				GCC_C_LANGUAGE_STANDARD = gnu11;
				GCC_DYNAMIC_NO_PIC = NO;
				GCC_NO_COMMON_BLOCKS = YES;
				GCC_OPTIMIZATION_LEVEL = 0;
				GCC_PREPROCESSOR_DEFINITIONS = (
					"DEBUG=1",
					"$(inherited)",
				);
				GCC_WARN_64_TO_32_BIT_CONVERSION = YES;
				GCC_WARN_ABOUT_RETURN_TYPE = YES_ERROR;
				GCC_WARN_UNDECLARED_SELECTOR = YES;
				GCC_WARN_UNINITIALIZED_AUTOS = YES_AGGRESSIVE;
				GCC_WARN_UNUSED_FUNCTION = YES;
				GCC_WARN_UNUSED_VARIABLE = YES;
				IPHONEOS_DEPLOYMENT_TARGET = 14.4;
				MTL_ENABLE_DEBUG_INFO = INCLUDE_SOURCE;
				MTL_FAST_MATH = YES;
				ONLY_ACTIVE_ARCH = YES;
				SDKROOT = iphoneos;
				SWIFT_ACTIVE_COMPILATION_CONDITIONS = DEBUG;
				SWIFT_OPTIMIZATION_LEVEL = "-Onone";
			};
			name = Debug;
		};
		49B176542989B755007ED99F /* Release */ = {
			isa = XCBuildConfiguration;
			buildSettings = {
				ALWAYS_SEARCH_USER_PATHS = NO;
				CLANG_ANALYZER_LOCALIZABILITY_NONLOCALIZED = YES;
				CLANG_ANALYZER_NONNULL = YES;
				CLANG_ANALYZER_NUMBER_OBJECT_CONVERSION = YES_AGGRESSIVE;
				CLANG_CXX_LANGUAGE_STANDARD = "gnu++14";
				CLANG_CXX_LIBRARY = "libc++";
				CLANG_ENABLE_MODULES = YES;
				CLANG_ENABLE_OBJC_ARC = YES;
				CLANG_ENABLE_OBJC_WEAK = YES;
				CLANG_WARN_BLOCK_CAPTURE_AUTORELEASING = YES;
				CLANG_WARN_BOOL_CONVERSION = YES;
				CLANG_WARN_COMMA = YES;
				CLANG_WARN_CONSTANT_CONVERSION = YES;
				CLANG_WARN_DEPRECATED_OBJC_IMPLEMENTATIONS = YES;
				CLANG_WARN_DIRECT_OBJC_ISA_USAGE = YES_ERROR;
				CLANG_WARN_DOCUMENTATION_COMMENTS = YES;
				CLANG_WARN_EMPTY_BODY = YES;
				CLANG_WARN_ENUM_CONVERSION = YES;
				CLANG_WARN_INFINITE_RECURSION = YES;
				CLANG_WARN_INT_CONVERSION = YES;
				CLANG_WARN_NON_LITERAL_NULL_CONVERSION = YES;
				CLANG_WARN_OBJC_IMPLICIT_RETAIN_SELF = YES;
				CLANG_WARN_OBJC_LITERAL_CONVERSION = YES;
				CLANG_WARN_OBJC_ROOT_CLASS = YES_ERROR;
				CLANG_WARN_QUOTED_INCLUDE_IN_FRAMEWORK_HEADER = YES;
				CLANG_WARN_RANGE_LOOP_ANALYSIS = YES;
				CLANG_WARN_STRICT_PROTOTYPES = YES;
				CLANG_WARN_SUSPICIOUS_MOVE = YES;
				CLANG_WARN_UNGUARDED_AVAILABILITY = YES_AGGRESSIVE;
				CLANG_WARN_UNREACHABLE_CODE = YES;
				CLANG_WARN__DUPLICATE_METHOD_MATCH = YES;
				COPY_PHASE_STRIP = NO;
				DEBUG_INFORMATION_FORMAT = "dwarf-with-dsym";
				ENABLE_NS_ASSERTIONS = NO;
				ENABLE_STRICT_OBJC_MSGSEND = YES;
				GCC_C_LANGUAGE_STANDARD = gnu11;
				GCC_NO_COMMON_BLOCKS = YES;
				GCC_WARN_64_TO_32_BIT_CONVERSION = YES;
				GCC_WARN_ABOUT_RETURN_TYPE = YES_ERROR;
				GCC_WARN_UNDECLARED_SELECTOR = YES;
				GCC_WARN_UNINITIALIZED_AUTOS = YES_AGGRESSIVE;
				GCC_WARN_UNUSED_FUNCTION = YES;
				GCC_WARN_UNUSED_VARIABLE = YES;
				IPHONEOS_DEPLOYMENT_TARGET = 14.4;
				MTL_ENABLE_DEBUG_INFO = NO;
				MTL_FAST_MATH = YES;
				SDKROOT = iphoneos;
				SWIFT_COMPILATION_MODE = wholemodule;
				SWIFT_OPTIMIZATION_LEVEL = "-O";
				VALIDATE_PRODUCT = YES;
			};
			name = Release;
		};
		49B176562989B755007ED99F /* Debug */ = {
			isa = XCBuildConfiguration;
			buildSettings = {
				ASSETCATALOG_COMPILER_APPICON_NAME = AppIcon;
				ASSETCATALOG_COMPILER_GLOBAL_ACCENT_COLOR_NAME = AccentColor;
				CODE_SIGN_STYLE = Automatic;
				DEVELOPMENT_ASSET_PATHS = "\"WorldOfPAYBACK/Preview Content\"";
				ENABLE_PREVIEWS = YES;
				INFOPLIST_FILE = WorldOfPAYBACK/SupportingFiles/Info.plist;
				IPHONEOS_DEPLOYMENT_TARGET = 14.0;
				LD_RUNPATH_SEARCH_PATHS = (
					"$(inherited)",
					"@executable_path/Frameworks",
				);
				PRODUCT_BUNDLE_IDENTIFIER = com.TheAlienMann.WorldOfPAYBACK;
				PRODUCT_NAME = "$(TARGET_NAME)";
				SWIFT_VERSION = 5.0;
				TARGETED_DEVICE_FAMILY = "1,2";
			};
			name = Debug;
		};
		49B176572989B755007ED99F /* Release */ = {
			isa = XCBuildConfiguration;
			buildSettings = {
				ASSETCATALOG_COMPILER_APPICON_NAME = AppIcon;
				ASSETCATALOG_COMPILER_GLOBAL_ACCENT_COLOR_NAME = AccentColor;
				CODE_SIGN_STYLE = Automatic;
				DEVELOPMENT_ASSET_PATHS = "\"WorldOfPAYBACK/Preview Content\"";
				ENABLE_PREVIEWS = YES;
				INFOPLIST_FILE = WorldOfPAYBACK/SupportingFiles/Info.plist;
				IPHONEOS_DEPLOYMENT_TARGET = 14.0;
				LD_RUNPATH_SEARCH_PATHS = (
					"$(inherited)",
					"@executable_path/Frameworks",
				);
				PRODUCT_BUNDLE_IDENTIFIER = com.TheAlienMann.WorldOfPAYBACK;
				PRODUCT_NAME = "$(TARGET_NAME)";
				SWIFT_VERSION = 5.0;
				TARGETED_DEVICE_FAMILY = "1,2";
			};
			name = Release;
		};
/* End XCBuildConfiguration section */

/* Begin XCConfigurationList section */
		4920473D298D194D003AFB3D /* Build configuration list for PBXNativeTarget "WorldOfPAYBACKTests" */ = {
			isa = XCConfigurationList;
			buildConfigurations = (
				4920473B298D194D003AFB3D /* Debug */,
				4920473C298D194D003AFB3D /* Release */,
			);
			defaultConfigurationIsVisible = 0;
			defaultConfigurationName = Release;
		};
		49B176412989B748007ED99F /* Build configuration list for PBXProject "WorldOfPAYBACK" */ = {
			isa = XCConfigurationList;
			buildConfigurations = (
				49B176532989B755007ED99F /* Debug */,
				49B176542989B755007ED99F /* Release */,
			);
			defaultConfigurationIsVisible = 0;
			defaultConfigurationName = Release;
		};
		49B176552989B755007ED99F /* Build configuration list for PBXNativeTarget "WorldOfPAYBACK" */ = {
			isa = XCConfigurationList;
			buildConfigurations = (
				49B176562989B755007ED99F /* Debug */,
				49B176572989B755007ED99F /* Release */,
			);
			defaultConfigurationIsVisible = 0;
			defaultConfigurationName = Release;
		};
/* End XCConfigurationList section */
	};
	rootObject = 49B1763E2989B748007ED99F /* Project object */;
}
